
Microsoft Visual Studio Solution File, Format Version 12.00
# Visual Studio 14
VisualStudioVersion = 14.0.25123.0
MinimumVisualStudioVersion = 10.0.40219.1
Project("{FAE04EC0-301F-11D3-BF4B-00C04F79EFBC}") = "内部OA办公系统", "内部OA办公系统\内部OA办公系统.csproj", "{F67AD172-D6BF-4CA5-9240-F9C57A0AC812}"
EndProject
Project("{FAE04EC0-301F-11D3-BF4B-00C04F79EFBC}") = "内部OA办公系统.Tests", "内部OA办公系统.Tests\内部OA办公系统.Tests.csproj", "{BDF3F3AC-E766-4A2F-9528-CD0C19A52D50}"
EndProject
Project("{FAE04EC0-301F-11D3-BF4B-00C04F79EFBC}") = "Common", "Common\Common.csproj", "{473FA20F-C1F8-4802-8059-3665F48649DB}"
EndProject
Global
	GlobalSection(SolutionConfigurationPlatforms) = preSolution
		Debug|Any CPU = Debug|Any CPU
		Release|Any CPU = Release|Any CPU
	EndGlobalSection
	GlobalSection(ProjectConfigurationPlatforms) = postSolution
		{F67AD172-D6BF-4CA5-9240-F9C57A0AC812}.Debug|Any CPU.ActiveCfg = Debug|Any CPU
		{F67AD172-D6BF-4CA5-9240-F9C57A0AC812}.Debug|Any CPU.Build.0 = Debug|Any CPU
		{F67AD172-D6BF-4CA5-9240-F9C57A0AC812}.Release|Any CPU.ActiveCfg = Release|Any CPU
		{F67AD172-D6BF-4CA5-9240-F9C57A0AC812}.Release|Any CPU.Build.0 = Release|Any CPU
		{BDF3F3AC-E766-4A2F-9528-CD0C19A52D50}.Debug|Any CPU.ActiveCfg = Debug|Any CPU
		{BDF3F3AC-E766-4A2F-9528-CD0C19A52D50}.Debug|Any CPU.Build.0 = Debug|Any CPU
		{BDF3F3AC-E766-4A2F-9528-CD0C19A52D50}.Release|Any CPU.ActiveCfg = Release|Any CPU
		{BDF3F3AC-E766-4A2F-9528-CD0C19A52D50}.Release|Any CPU.Build.0 = Release|Any CPU
		{473FA20F-C1F8-4802-8059-3665F48649DB}.Debug|Any CPU.ActiveCfg = Debug|Any CPU
		{473FA20F-C1F8-4802-8059-3665F48649DB}.Debug|Any CPU.Build.0 = Debug|Any CPU
		{473FA20F-C1F8-4802-8059-3665F48649DB}.Release|Any CPU.ActiveCfg = Release|Any CPU
		{473FA20F-C1F8-4802-8059-3665F48649DB}.Release|Any CPU.Build.0 = Release|Any CPU
	EndGlobalSection
	GlobalSection(SolutionProperties) = preSolution
		HideSolutionNode = FALSE
	EndGlobalSection
EndGlobal
